
Microsoft Visual Studio Solution File, Format Version 12.00
# Visual Studio Version 17
VisualStudioVersion = 17.14.37301.10 d17.14
MinimumVisualStudioVersion = 10.0.40219.1
Project("{FAE04EC0-301F-11D3-BF4B-00C04F79EFBC}") = "adminstaffff", "adminstaffff.csproj", "{847B8463-E16B-494D-8C23-10F0B7577203}"
EndProject
Global
	GlobalSection(SolutionConfigurationPlatforms) = preSolution
		Debug|Any CPU = Debug|Any CPU
		Release|Any CPU = Release|Any CPU
	EndGlobalSection
	GlobalSection(ProjectConfigurationPlatforms) = postSolution
		{847B8463-E16B-494D-8C23-10F0B7577203}.Debug|Any CPU.ActiveCfg = Debug|Any CPU
		{847B8463-E16B-494D-8C23-10F0B7577203}.Debug|Any CPU.Build.0 = Debug|Any CPU
		{847B8463-E16B-494D-8C23-10F0B7577203}.Release|Any CPU.ActiveCfg = Release|Any CPU
		{847B8463-E16B-494D-8C23-10F0B7577203}.Release|Any CPU.Build.0 = Release|Any CPU
	EndGlobalSection
	GlobalSection(SolutionProperties) = preSolution
		HideSolutionNode = FALSE
	EndGlobalSection
	GlobalSection(ExtensibilityGlobals) = postSolution
		SolutionGuid = {C69216AD-A11E-42CE-8C01-44218DD8191A}
	EndGlobalSection
EndGlobal
